{
  "pins" : [
    {
      "identity" : "sdwebimage",
      "kind" : "remoteSourceControl",
      "location" : "https://github.com/SDWebImage/SDWebImage.git",
      "state" : {
        "branch" : "master",
        "revision" : "940f991ca1d6724aec2610af07d5e58608515997"
      }
    }
  ],
  "version" : 2
}
